# This file is automatically @generated by Cargo.
# It is not intended for manual editing.
version = 4

[[package]]
name = "orc-agent"
version = "0.1.0"
dependencies = [
 "orc-core",
]

[[package]]
name = "orc-core"
version = "0.1.0"

[[package]]
name = "orc-ffi"
version = "0.1.0"
dependencies = [
 "orc-agent",
 "orc-core",
]
