// !$*UTF8*$!
{
	archiveVersion = 1;
	classes = {
	};
	objectVersion = 77;
	objects = {

/* Begin PBXBuildFile section */
		0B447D5AC31FDD19688F3005 /* AppStore.swift in Sources */ = {isa = PBXBuildFile; fileRef = C2E131C95C0ACE7A4786839D /* AppStore.swift */; };
		17BC583A41FFF4E391CBFE0C /* SidebarView.swift in Sources */ = {isa = PBXBuildFile; fileRef = 1C854D9742031E74AD57BA4F /* SidebarView.swift */; };
		3307F866DD55617C06DE02C5 /* Surface.swift in Sources */ = {isa = PBXBuildFile; fileRef = 947EA4227FEF280A66F291BC /* Surface.swift */; };
		5A2C677DAEAFBAB528D6075C /* OrcApp.swift in Sources */ = {isa = PBXBuildFile; fileRef = DACE7206E11B48E0B5BF0739 /* OrcApp.swift */; };
		5E84E50596B6B415A5C72A8E /* BrowserSurfaceView.swift in Sources */ = {isa = PBXBuildFile; fileRef = DCAA8C3E3D9424C587101DE8 /* BrowserSurfaceView.swift */; };
		67D6E646953F364D3A51783C /* ContentView.swift in Sources */ = {isa = PBXBuildFile; fileRef = 1DFE02A12926C4B6D205F684 /* ContentView.swift */; };
		6CE1643561698D8BF12BFF53 /* TabBarView.swift in Sources */ = {isa = PBXBuildFile; fileRef = FC000D296378719EB7553CB7 /* TabBarView.swift */; };
		76AA59111423949A60D8323F /* PanelView.swift in Sources */ = {isa = PBXBuildFile; fileRef = 93C230CEACCD58AF080EB0AD /* PanelView.swift */; };
		91FBDB63D6602636339C75A0 /* Assets.xcassets in Resources */ = {isa = PBXBuildFile; fileRef = C449390D07C46C1CED212836 /* Assets.xcassets */; };
		93C43723AE152093EFF4B46A /* Message.swift in Sources */ = {isa = PBXBuildFile; fileRef = FFE0A96CA30553D9AA65E45D /* Message.swift */; };
		9D1AEBD5A0E830BBBC7CFB9F /* Workspace.swift in Sources */ = {isa = PBXBuildFile; fileRef = 831CC437334AF0A6BB44A694 /* Workspace.swift */; };
		A00D0E99D85FA46F3C555FB6 /* AgentInputView.swift in Sources */ = {isa = PBXBuildFile; fileRef = 9BBC39E85087E49E95BC1FD9 /* AgentInputView.swift */; };
		BA03CA6701AA2D77C255B99F /* AgentSurfaceView.swift in Sources */ = {isa = PBXBuildFile; fileRef = F8F4C4219E1BEA09698546BA /* AgentSurfaceView.swift */; };
		C39DE3CC3F3190C3F872335B /* Tab.swift in Sources */ = {isa = PBXBuildFile; fileRef = 271777764183112F569A2438 /* Tab.swift */; };
		C9EC7FA4EAD03CE55462098F /* TerminalSurfaceView.swift in Sources */ = {isa = PBXBuildFile; fileRef = D2C047675C0138B39C0067CF /* TerminalSurfaceView.swift */; };
		D5030A96F8A9F2B5EFCC3765 /* MessageBubble.swift in Sources */ = {isa = PBXBuildFile; fileRef = BBCB975292030DE31FCF8DE9 /* MessageBubble.swift */; };
		DDB87A6AF040CADF00F8E8A4 /* Panel.swift in Sources */ = {isa = PBXBuildFile; fileRef = 1A58785C0211C36D3A268ACE /* Panel.swift */; };
		FBCD0095235725AF73028549 /* WorkspaceRow.swift in Sources */ = {isa = PBXBuildFile; fileRef = 002FD0D27B04B94245973B22 /* WorkspaceRow.swift */; };
/* End PBXBuildFile section */

/* Begin PBXFileReference section */
		002FD0D27B04B94245973B22 /* WorkspaceRow.swift */ = {isa = PBXFileReference; lastKnownFileType = sourcecode.swift; path = WorkspaceRow.swift; sourceTree = "<group>"; };
		1A58785C0211C36D3A268ACE /* Panel.swift */ = {isa = PBXFileReference; lastKnownFileType = sourcecode.swift; path = Panel.swift; sourceTree = "<group>"; };
		1C854D9742031E74AD57BA4F /* SidebarView.swift */ = {isa = PBXFileReference; lastKnownFileType = sourcecode.swift; path = SidebarView.swift; sourceTree = "<group>"; };
		1DFE02A12926C4B6D205F684 /* ContentView.swift */ = {isa = PBXFileReference; lastKnownFileType = sourcecode.swift; path = ContentView.swift; sourceTree = "<group>"; };
		271777764183112F569A2438 /* Tab.swift */ = {isa = PBXFileReference; lastKnownFileType = sourcecode.swift; path = Tab.swift; sourceTree = "<group>"; };
		831CC437334AF0A6BB44A694 /* Workspace.swift */ = {isa = PBXFileReference; lastKnownFileType = sourcecode.swift; path = Workspace.swift; sourceTree = "<group>"; };
		93C230CEACCD58AF080EB0AD /* PanelView.swift */ = {isa = PBXFileReference; lastKnownFileType = sourcecode.swift; path = PanelView.swift; sourceTree = "<group>"; };
		947EA4227FEF280A66F291BC /* Surface.swift */ = {isa = PBXFileReference; lastKnownFileType = sourcecode.swift; path = Surface.swift; sourceTree = "<group>"; };
		955A25F2AEBD4F755CCBC3C5 /* Info.plist */ = {isa = PBXFileReference; lastKnownFileType = text.plist; path = Info.plist; sourceTree = "<group>"; };
		9BBC39E85087E49E95BC1FD9 /* AgentInputView.swift */ = {isa = PBXFileReference; lastKnownFileType = sourcecode.swift; path = AgentInputView.swift; sourceTree = "<group>"; };
		BBCB975292030DE31FCF8DE9 /* MessageBubble.swift */ = {isa = PBXFileReference; lastKnownFileType = sourcecode.swift; path = MessageBubble.swift; sourceTree = "<group>"; };
		C2E131C95C0ACE7A4786839D /* AppStore.swift */ = {isa = PBXFileReference; lastKnownFileType = sourcecode.swift; path = AppStore.swift; sourceTree = "<group>"; };
		C449390D07C46C1CED212836 /* Assets.xcassets */ = {isa = PBXFileReference; lastKnownFileType = folder.assetcatalog; path = Assets.xcassets; sourceTree = "<group>"; };
		D21011D3D3829208829B9311 /* Orc.app */ = {isa = PBXFileReference; explicitFileType = wrapper.application; includeInIndex = 0; path = Orc.app; sourceTree = BUILT_PRODUCTS_DIR; };
		D2C047675C0138B39C0067CF /* TerminalSurfaceView.swift */ = {isa = PBXFileReference; lastKnownFileType = sourcecode.swift; path = TerminalSurfaceView.swift; sourceTree = "<group>"; };
		DACE7206E11B48E0B5BF0739 /* OrcApp.swift */ = {isa = PBXFileReference; lastKnownFileType = sourcecode.swift; path = OrcApp.swift; sourceTree = "<group>"; };
		DCAA8C3E3D9424C587101DE8 /* BrowserSurfaceView.swift */ = {isa = PBXFileReference; lastKnownFileType = sourcecode.swift; path = BrowserSurfaceView.swift; sourceTree = "<group>"; };
		F8F4C4219E1BEA09698546BA /* AgentSurfaceView.swift */ = {isa = PBXFileReference; lastKnownFileType = sourcecode.swift; path = AgentSurfaceView.swift; sourceTree = "<group>"; };
		FC000D296378719EB7553CB7 /* TabBarView.swift */ = {isa = PBXFileReference; lastKnownFileType = sourcecode.swift; path = TabBarView.swift; sourceTree = "<group>"; };
		FFE0A96CA30553D9AA65E45D /* Message.swift */ = {isa = PBXFileReference; lastKnownFileType = sourcecode.swift; path = Message.swift; sourceTree = "<group>"; };
/* End PBXFileReference section */

/* Begin PBXGroup section */
		059148A56D3B31DCC45133C7 /* TabBar */ = {
			isa = PBXGroup;
			children = (
				FC000D296378719EB7553CB7 /* TabBarView.swift */,
			);
			path = TabBar;
			sourceTree = "<group>";
		};
		406D9782549718179C51AE01 /* apple */ = {
			isa = PBXGroup;
			children = (
				D0E356390147E51BE75D58E2 /* App */,
				A6534BDB159062455787B674 /* Models */,
				5DE1AB5663444C386290662A /* Resources */,
				49C5FC2C93AB7CFF3D29D518 /* Store */,
				511F1C864CFF3B316818D5F6 /* Views */,
			);
			path = apple;
			sourceTree = "<group>";
		};
		4836E37729A48CDEB277E3FC /* Sidebar */ = {
			isa = PBXGroup;
			children = (
				1C854D9742031E74AD57BA4F /* SidebarView.swift */,
				002FD0D27B04B94245973B22 /* WorkspaceRow.swift */,
			);
			path = Sidebar;
			sourceTree = "<group>";
		};
		49C5FC2C93AB7CFF3D29D518 /* Store */ = {
			isa = PBXGroup;
			children = (
				C2E131C95C0ACE7A4786839D /* AppStore.swift */,
			);
			path = Store;
			sourceTree = "<group>";
		};
		511F1C864CFF3B316818D5F6 /* Views */ = {
			isa = PBXGroup;
			children = (
				1DFE02A12926C4B6D205F684 /* ContentView.swift */,
				6F234CCE59EF21D2AAC1A295 /* Agent */,
				7E8DB1E2932E6E9521365E85 /* Panel */,
				4836E37729A48CDEB277E3FC /* Sidebar */,
				9628C9B306CE071D8DCA49BD /* Surfaces */,
				059148A56D3B31DCC45133C7 /* TabBar */,
			);
			path = Views;
			sourceTree = "<group>";
		};
		5DE1AB5663444C386290662A /* Resources */ = {
			isa = PBXGroup;
			children = (
				C449390D07C46C1CED212836 /* Assets.xcassets */,
				955A25F2AEBD4F755CCBC3C5 /* Info.plist */,
			);
			path = Resources;
			sourceTree = "<group>";
		};
		6F234CCE59EF21D2AAC1A295 /* Agent */ = {
			isa = PBXGroup;
			children = (
				9BBC39E85087E49E95BC1FD9 /* AgentInputView.swift */,
				BBCB975292030DE31FCF8DE9 /* MessageBubble.swift */,
			);
			path = Agent;
			sourceTree = "<group>";
		};
		7E8DB1E2932E6E9521365E85 /* Panel */ = {
			isa = PBXGroup;
			children = (
				93C230CEACCD58AF080EB0AD /* PanelView.swift */,
			);
			path = Panel;
			sourceTree = "<group>";
		};
		8F27C58EFF1557F1559A7268 = {
			isa = PBXGroup;
			children = (
				406D9782549718179C51AE01 /* apple */,
				96D5605139424FE0E51CE376 /* Products */,
			);
			sourceTree = "<group>";
		};
		9628C9B306CE071D8DCA49BD /* Surfaces */ = {
			isa = PBXGroup;
			children = (
				F8F4C4219E1BEA09698546BA /* AgentSurfaceView.swift */,
				DCAA8C3E3D9424C587101DE8 /* BrowserSurfaceView.swift */,
				D2C047675C0138B39C0067CF /* TerminalSurfaceView.swift */,
			);
			path = Surfaces;
			sourceTree = "<group>";
		};
		96D5605139424FE0E51CE376 /* Products */ = {
			isa = PBXGroup;
			children = (
				D21011D3D3829208829B9311 /* Orc.app */,
			);
			name = Products;
			sourceTree = "<group>";
		};
		A6534BDB159062455787B674 /* Models */ = {
			isa = PBXGroup;
			children = (
				FFE0A96CA30553D9AA65E45D /* Message.swift */,
				1A58785C0211C36D3A268ACE /* Panel.swift */,
				947EA4227FEF280A66F291BC /* Surface.swift */,
				271777764183112F569A2438 /* Tab.swift */,
				831CC437334AF0A6BB44A694 /* Workspace.swift */,
			);
			path = Models;
			sourceTree = "<group>";
		};
		D0E356390147E51BE75D58E2 /* App */ = {
			isa = PBXGroup;
			children = (
				DACE7206E11B48E0B5BF0739 /* OrcApp.swift */,
			);
			path = App;
			sourceTree = "<group>";
		};
/* End PBXGroup section */

/* Begin PBXNativeTarget section */
		8EA853EEC8CEB8CF602C65F7 /* Orc */ = {
			isa = PBXNativeTarget;
			buildConfigurationList = C0D47963DC045BB8B4D23C68 /* Build configuration list for PBXNativeTarget "Orc" */;
			buildPhases = (
				82E0E2C05860F61A7A506A4D /* Sources */,
				FE60A50688BE6B15C6DA6B5A /* Resources */,
			);
			buildRules = (
			);
			dependencies = (
			);
			name = Orc;
			packageProductDependencies = (
			);
			productName = Orc;
			productReference = D21011D3D3829208829B9311 /* Orc.app */;
			productType = "com.apple.product-type.application";
		};
/* End PBXNativeTarget section */

/* Begin PBXProject section */
		662A3F922E47F61725C2D48A /* Project object */ = {
			isa = PBXProject;
			attributes = {
				BuildIndependentTargetsInParallel = YES;
				LastUpgradeCheck = 1600;
			};
			buildConfigurationList = 038F026D2C1F26E0BCE8835F /* Build configuration list for PBXProject "Orc" */;
			compatibilityVersion = "Xcode 14.0";
			developmentRegion = en;
			hasScannedForEncodings = 0;
			knownRegions = (
				Base,
				en,
			);
			mainGroup = 8F27C58EFF1557F1559A7268;
			minimizedProjectReferenceProxies = 1;
			preferredProjectObjectVersion = 77;
			projectDirPath = "";
			projectRoot = "";
			targets = (
				8EA853EEC8CEB8CF602C65F7 /* Orc */,
			);
		};
/* End PBXProject section */

/* Begin PBXResourcesBuildPhase section */
		FE60A50688BE6B15C6DA6B5A /* Resources */ = {
			isa = PBXResourcesBuildPhase;
			buildActionMask = 2147483647;
			files = (
				91FBDB63D6602636339C75A0 /* Assets.xcassets in Resources */,
			);
			runOnlyForDeploymentPostprocessing = 0;
		};
/* End PBXResourcesBuildPhase section */

/* Begin PBXSourcesBuildPhase section */
		82E0E2C05860F61A7A506A4D /* Sources */ = {
			isa = PBXSourcesBuildPhase;
			buildActionMask = 2147483647;
			files = (
				A00D0E99D85FA46F3C555FB6 /* AgentInputView.swift in Sources */,
				BA03CA6701AA2D77C255B99F /* AgentSurfaceView.swift in Sources */,
				0B447D5AC31FDD19688F3005 /* AppStore.swift in Sources */,
				5E84E50596B6B415A5C72A8E /* BrowserSurfaceView.swift in Sources */,
				67D6E646953F364D3A51783C /* ContentView.swift in Sources */,
				93C43723AE152093EFF4B46A /* Message.swift in Sources */,
				D5030A96F8A9F2B5EFCC3765 /* MessageBubble.swift in Sources */,
				5A2C677DAEAFBAB528D6075C /* OrcApp.swift in Sources */,
				DDB87A6AF040CADF00F8E8A4 /* Panel.swift in Sources */,
				76AA59111423949A60D8323F /* PanelView.swift in Sources */,
				17BC583A41FFF4E391CBFE0C /* SidebarView.swift in Sources */,
				3307F866DD55617C06DE02C5 /* Surface.swift in Sources */,
				C39DE3CC3F3190C3F872335B /* Tab.swift in Sources */,
				6CE1643561698D8BF12BFF53 /* TabBarView.swift in Sources */,
				C9EC7FA4EAD03CE55462098F /* TerminalSurfaceView.swift in Sources */,
				9D1AEBD5A0E830BBBC7CFB9F /* Workspace.swift in Sources */,
				FBCD0095235725AF73028549 /* WorkspaceRow.swift in Sources */,
			);
			runOnlyForDeploymentPostprocessing = 0;
		};
/* End PBXSourcesBuildPhase section */

/* Begin XCBuildConfiguration section */
		9EDA8E3DC7F934A64ABE234F /* Release */ = {
			isa = XCBuildConfiguration;
			buildSettings = {
				ASSETCATALOG_COMPILER_APPICON_NAME = AppIcon;
				COMBINE_HIDPI_IMAGES = YES;
				GENERATE_INFOPLIST_FILE = NO;
				INFOPLIST_FILE = apple/Resources/Info.plist;
				LD_RUNPATH_SEARCH_PATHS = (
					"$(inherited)",
					"@executable_path/../Frameworks",
				);
				PRODUCT_BUNDLE_IDENTIFIER = com.jbj338033.orc;
				PRODUCT_NAME = Orc;
				SDKROOT = macosx;
			};
			name = Release;
		};
		AD78742B88B385F930B26E38 /* Release */ = {
			isa = XCBuildConfiguration;
			buildSettings = {
				ALWAYS_SEARCH_USER_PATHS = NO;
				CLANG_ANALYZER_NONNULL = YES;
				CLANG_ANALYZER_NUMBER_OBJECT_CONVERSION = YES_AGGRESSIVE;
				CLANG_CXX_LANGUAGE_STANDARD = "gnu++14";
				CLANG_CXX_LIBRARY = "libc++";
				CLANG_ENABLE_MODULES = YES;
				CLANG_ENABLE_OBJC_ARC = YES;
				CLANG_ENABLE_OBJC_WEAK = YES;
				CLANG_WARN_BLOCK_CAPTURE_AUTORELEASING = YES;
				CLANG_WARN_BOOL_CONVERSION = YES;
				CLANG_WARN_COMMA = YES;
				CLANG_WARN_CONSTANT_CONVERSION = YES;
				CLANG_WARN_DEPRECATED_OBJC_IMPLEMENTATIONS = YES;
				CLANG_WARN_DIRECT_OBJC_ISA_USAGE = YES_ERROR;
				CLANG_WARN_DOCUMENTATION_COMMENTS = YES;
				CLANG_WARN_EMPTY_BODY = YES;
				CLANG_WARN_ENUM_CONVERSION = YES;
				CLANG_WARN_INFINITE_RECURSION = YES;
				CLANG_WARN_INT_CONVERSION = YES;
				CLANG_WARN_NON_LITERAL_NULL_CONVERSION = YES;
				CLANG_WARN_OBJC_IMPLICIT_RETAIN_SELF = YES;
				CLANG_WARN_OBJC_LITERAL_CONVERSION = YES;
				CLANG_WARN_OBJC_ROOT_CLASS = YES_ERROR;
				CLANG_WARN_QUOTED_INCLUDE_IN_FRAMEWORK_HEADER = YES;
				CLANG_WARN_RANGE_LOOP_ANALYSIS = YES;
				CLANG_WARN_STRICT_PROTOTYPES = YES;
				CLANG_WARN_SUSPICIOUS_MOVE = YES;
				CLANG_WARN_UNGUARDED_AVAILABILITY = YES_AGGRESSIVE;
				CLANG_WARN_UNREACHABLE_CODE = YES;
				CLANG_WARN__DUPLICATE_METHOD_MATCH = YES;
				COPY_PHASE_STRIP = NO;
				DEBUG_INFORMATION_FORMAT = "dwarf-with-dsym";
				ENABLE_NS_ASSERTIONS = NO;
				ENABLE_STRICT_OBJC_MSGSEND = YES;
				GCC_C_LANGUAGE_STANDARD = gnu11;
				GCC_NO_COMMON_BLOCKS = YES;
				GCC_WARN_64_TO_32_BIT_CONVERSION = YES;
				GCC_WARN_ABOUT_RETURN_TYPE = YES_ERROR;
				GCC_WARN_UNDECLARED_SELECTOR = YES;
				GCC_WARN_UNINITIALIZED_AUTOS = YES_AGGRESSIVE;
				GCC_WARN_UNUSED_FUNCTION = YES;
				GCC_WARN_UNUSED_VARIABLE = YES;
				MACOSX_DEPLOYMENT_TARGET = 14.0;
				MTL_ENABLE_DEBUG_INFO = NO;
				MTL_FAST_MATH = YES;
				PRODUCT_NAME = "$(TARGET_NAME)";
				SDKROOT = macosx;
				SWIFT_COMPILATION_MODE = wholemodule;
				SWIFT_OPTIMIZATION_LEVEL = "-O";
				SWIFT_VERSION = 6.0;
			};
			name = Release;
		};
		B0528BEC10CE86B8104DCCB3 /* Debug */ = {
			isa = XCBuildConfiguration;
			buildSettings = {
				ALWAYS_SEARCH_USER_PATHS = NO;
				CLANG_ANALYZER_NONNULL = YES;
				CLANG_ANALYZER_NUMBER_OBJECT_CONVERSION = YES_AGGRESSIVE;
				CLANG_CXX_LANGUAGE_STANDARD = "gnu++14";
				CLANG_CXX_LIBRARY = "libc++";
				CLANG_ENABLE_MODULES = YES;
				CLANG_ENABLE_OBJC_ARC = YES;
				CLANG_ENABLE_OBJC_WEAK = YES;
				CLANG_WARN_BLOCK_CAPTURE_AUTORELEASING = YES;
				CLANG_WARN_BOOL_CONVERSION = YES;
				CLANG_WARN_COMMA = YES;
				CLANG_WARN_CONSTANT_CONVERSION = YES;
				CLANG_WARN_DEPRECATED_OBJC_IMPLEMENTATIONS = YES;
				CLANG_WARN_DIRECT_OBJC_ISA_USAGE = YES_ERROR;
				CLANG_WARN_DOCUMENTATION_COMMENTS = YES;
				CLANG_WARN_EMPTY_BODY = YES;
				CLANG_WARN_ENUM_CONVERSION = YES;
				CLANG_WARN_INFINITE_RECURSION = YES;
				CLANG_WARN_INT_CONVERSION = YES;
				CLANG_WARN_NON_LITERAL_NULL_CONVERSION = YES;
				CLANG_WARN_OBJC_IMPLICIT_RETAIN_SELF = YES;
				CLANG_WARN_OBJC_LITERAL_CONVERSION = YES;
				CLANG_WARN_OBJC_ROOT_CLASS = YES_ERROR;
				CLANG_WARN_QUOTED_INCLUDE_IN_FRAMEWORK_HEADER = YES;
				CLANG_WARN_RANGE_LOOP_ANALYSIS = YES;
				CLANG_WARN_STRICT_PROTOTYPES = YES;
				CLANG_WARN_SUSPICIOUS_MOVE = YES;
				CLANG_WARN_UNGUARDED_AVAILABILITY = YES_AGGRESSIVE;
				CLANG_WARN_UNREACHABLE_CODE = YES;
				CLANG_WARN__DUPLICATE_METHOD_MATCH = YES;
				COPY_PHASE_STRIP = NO;
				DEBUG_INFORMATION_FORMAT = dwarf;
				ENABLE_STRICT_OBJC_MSGSEND = YES;
				ENABLE_TESTABILITY = YES;
				GCC_C_LANGUAGE_STANDARD = gnu11;
				GCC_DYNAMIC_NO_PIC = NO;
				GCC_NO_COMMON_BLOCKS = YES;
				GCC_OPTIMIZATION_LEVEL = 0;
				GCC_PREPROCESSOR_DEFINITIONS = (
					"$(inherited)",
					"DEBUG=1",
				);
				GCC_WARN_64_TO_32_BIT_CONVERSION = YES;
				GCC_WARN_ABOUT_RETURN_TYPE = YES_ERROR;
				GCC_WARN_UNDECLARED_SELECTOR = YES;
				GCC_WARN_UNINITIALIZED_AUTOS = YES_AGGRESSIVE;
				GCC_WARN_UNUSED_FUNCTION = YES;
				GCC_WARN_UNUSED_VARIABLE = YES;
				MACOSX_DEPLOYMENT_TARGET = 14.0;
				MTL_ENABLE_DEBUG_INFO = INCLUDE_SOURCE;
				MTL_FAST_MATH = YES;
				ONLY_ACTIVE_ARCH = YES;
				PRODUCT_NAME = "$(TARGET_NAME)";
				SDKROOT = macosx;
				SWIFT_ACTIVE_COMPILATION_CONDITIONS = DEBUG;
				SWIFT_OPTIMIZATION_LEVEL = "-Onone";
				SWIFT_VERSION = 6.0;
			};
			name = Debug;
		};
		B94FA484359B5E8857BF2DBF /* Debug */ = {
			isa = XCBuildConfiguration;
			buildSettings = {
				ASSETCATALOG_COMPILER_APPICON_NAME = AppIcon;
				COMBINE_HIDPI_IMAGES = YES;
				GENERATE_INFOPLIST_FILE = NO;
				INFOPLIST_FILE = apple/Resources/Info.plist;
				LD_RUNPATH_SEARCH_PATHS = (
					"$(inherited)",
					"@executable_path/../Frameworks",
				);
				PRODUCT_BUNDLE_IDENTIFIER = com.jbj338033.orc;
				PRODUCT_NAME = Orc;
				SDKROOT = macosx;
			};
			name = Debug;
		};
/* End XCBuildConfiguration section */

/* Begin XCConfigurationList section */
		038F026D2C1F26E0BCE8835F /* Build configuration list for PBXProject "Orc" */ = {
			isa = XCConfigurationList;
			buildConfigurations = (
				B0528BEC10CE86B8104DCCB3 /* Debug */,
				AD78742B88B385F930B26E38 /* Release */,
			);
			defaultConfigurationIsVisible = 0;
			defaultConfigurationName = Debug;
		};
		C0D47963DC045BB8B4D23C68 /* Build configuration list for PBXNativeTarget "Orc" */ = {
			isa = XCConfigurationList;
			buildConfigurations = (
				B94FA484359B5E8857BF2DBF /* Debug */,
				9EDA8E3DC7F934A64ABE234F /* Release */,
			);
			defaultConfigurationIsVisible = 0;
			defaultConfigurationName = Debug;
		};
/* End XCConfigurationList section */
	};
	rootObject = 662A3F922E47F61725C2D48A /* Project object */;
}
